
Microsoft Visual Studio Solution File, Format Version 12.00
# Visual Studio Version 16
VisualStudioVersion = 16.0.29306.81
MinimumVisualStudioVersion = 10.0.40219.1
Project("{FAE04EC0-301F-11D3-BF4B-00C04F79EFBC}") = "Revit_SetPathMode", "Revit_SetPathMode.csproj", "{51429337-EB23-4B17-93BA-CA29C3F86418}"
EndProject
Global
	GlobalSection(SolutionConfigurationPlatforms) = preSolution
		Debug|Any CPU = Debug|Any CPU
		Release|Any CPU = Release|Any CPU
	EndGlobalSection
	GlobalSection(ProjectConfigurationPlatforms) = postSolution
		{51429337-EB23-4B17-93BA-CA29C3F86418}.Debug|Any CPU.ActiveCfg = Debug|Any CPU
		{51429337-EB23-4B17-93BA-CA29C3F86418}.Debug|Any CPU.Build.0 = Debug|Any CPU
		{51429337-EB23-4B17-93BA-CA29C3F86418}.Release|Any CPU.ActiveCfg = Release|Any CPU
		{51429337-EB23-4B17-93BA-CA29C3F86418}.Release|Any CPU.Build.0 = Release|Any CPU
	EndGlobalSection
	GlobalSection(SolutionProperties) = preSolution
		HideSolutionNode = FALSE
	EndGlobalSection
	GlobalSection(ExtensibilityGlobals) = postSolution
		SolutionGuid = {17C0736A-0BA1-4CFD-9296-4A76031C20A9}
	EndGlobalSection
EndGlobal
